
Microsoft Visual Studio Solution File, Format Version 12.00
# Visual Studio Version 17
VisualStudioVersion = 17.14.36518.9
MinimumVisualStudioVersion = 10.0.40219.1
Project("{FAE04EC0-301F-11D3-BF4B-00C04F79EFBC}") = "Mediarq", "src\Mediarq\Mediarq.csproj", "{75EFFE1B-828A-445D-A302-5348E7209E87}"
EndProject
Project("{2150E333-8FDC-42A3-9474-1A3956D46DE8}") = "src", "src", "{02EA681E-C7D8-13C7-8484-4AC65E1B71E8}"
EndProject
Project("{2150E333-8FDC-42A3-9474-1A3956D46DE8}") = "Samples", "Samples", "{FF7A3C67-F591-440B-B6A5-4A9A9897F3B2}"
EndProject
Project("{2150E333-8FDC-42A3-9474-1A3956D46DE8}") = "Tests", "Tests", "{241BFF49-BD9F-4E8B-855A-55286E3474C1}"
EndProject
Project("{FAE04EC0-301F-11D3-BF4B-00C04F79EFBC}") = "Mediarq.Samples", "Samples\Mediarq\Mediarq.Samples.csproj", "{D0B2F3BC-C0F4-8AA7-31DC-288660F0CB80}"
EndProject
Project("{FAE04EC0-301F-11D3-BF4B-00C04F79EFBC}") = "Mediarq.Tests", "Tests\Mediarq.Tests\Mediarq.Tests.csproj", "{5467314B-5596-49BE-9FDA-4547BA8E3048}"
EndProject
Project("{FAE04EC0-301F-11D3-BF4B-00C04F79EFBC}") = "Mediarq.SourceGenerators", "src\Mediarq.SourceGenerators\Mediarq.SourceGenerators.csproj", "{50DA5E44-FE24-47A9-847F-ACCDB90D7E09}"
EndProject
Project("{FAE04EC0-301F-11D3-BF4B-00C04F79EFBC}") = "Mediarq.AspNetCore", "src\Mediarq.AspNetCore\Mediarq.AspNetCore.csproj", "{61ABC9AD-D043-4988-AC9E-68513FB959E0}"
EndProject
Project("{FAE04EC0-301F-11D3-BF4B-00C04F79EFBC}") = "Mediarq.AspNetCore.Tests", "Tests\Mediarq.AspNetCore.Tests\Mediarq.AspNetCore.Tests.csproj", "{0F0F79ED-581C-4B57-BCEC-5FAF6B22BDDA}"
EndProject
Project("{FAE04EC0-301F-11D3-BF4B-00C04F79EFBC}") = "Mediarq.FluentValidation", "src\Mediarq.FluentValidation\Mediarq.FluentValidation.csproj", "{28B24638-4E11-45BE-834E-903C488D57C1}"
EndProject
Project("{FAE04EC0-301F-11D3-BF4B-00C04F79EFBC}") = "Mediarq.SourceGenerators.Tests", "Tests\Mediarq.SourceGenerators.Tests\Mediarq.SourceGenerators.Tests.csproj", "{23DEA0C0-9DBB-4347-82F0-9D6E01CE4F8E}"
EndProject
Project("{2150E333-8FDC-42A3-9474-1A3956D46DE8}") = "benchmarks", "benchmarks", "{66320409-64EC-F7C5-3DEF-65E7510DAAD1}"
EndProject
Project("{FAE04EC0-301F-11D3-BF4B-00C04F79EFBC}") = "Mediarq.Benchmarks", "benchmarks\Mediarq.Benchmarks\Mediarq.Benchmarks.csproj", "{83CF677C-8886-4B47-988D-6BC726CE7330}"
EndProject
Project("{FAE04EC0-301F-11D3-BF4B-00C04F79EFBC}") = "Mediarq.AotSample", "Samples\Mediarq.AotSample\Mediarq.AotSample.csproj", "{62499155-20C4-4B15-975B-070B5FDB439A}"
EndProject
Project("{FAE04EC0-301F-11D3-BF4B-00C04F79EFBC}") = "Mediarq.MassTransit", "src\Mediarq.MassTransit\Mediarq.MassTransit.csproj", "{E1E1F019-959B-49C6-A956-A6D54C0A81B9}"
EndProject
Project("{FAE04EC0-301F-11D3-BF4B-00C04F79EFBC}") = "Mediarq.MassTransit.Tests", "Tests\Mediarq.MassTransit.Tests\Mediarq.MassTransit.Tests.csproj", "{465FCA27-0354-424C-837B-AD33B2EE8A8F}"
EndProject
Project("{FAE04EC0-301F-11D3-BF4B-00C04F79EFBC}") = "Mediarq.Caching", "src\Mediarq.Caching\Mediarq.Caching.csproj", "{72920832-68D5-4E64-9AC0-E979B5D2FC99}"
EndProject
Project("{FAE04EC0-301F-11D3-BF4B-00C04F79EFBC}") = "Mediarq.Caching.Tests", "Tests\Mediarq.Caching.Tests\Mediarq.Caching.Tests.csproj", "{FDE1C47D-D8A7-48D2-9A2F-12CCBD77F6A3}"
EndProject
Project("{FAE04EC0-301F-11D3-BF4B-00C04F79EFBC}") = "Mediarq.Diagnostics", "src\Mediarq.Diagnostics\Mediarq.Diagnostics.csproj", "{4F78DDF1-11C9-46BF-A3C5-AF53754D9410}"
EndProject
Project("{FAE04EC0-301F-11D3-BF4B-00C04F79EFBC}") = "Mediarq.Diagnostics.Tests", "Tests\Mediarq.Diagnostics.Tests\Mediarq.Diagnostics.Tests.csproj", "{51EB97E5-138B-4F05-9B0F-F7BCF3CA6335}"
EndProject
Project("{FAE04EC0-301F-11D3-BF4B-00C04F79EFBC}") = "Mediarq.UnitOfWork", "src\Mediarq.UnitOfWork\Mediarq.UnitOfWork.csproj", "{8BEADAA4-D195-46DE-AA9B-B95DDF90EC44}"
EndProject
Project("{FAE04EC0-301F-11D3-BF4B-00C04F79EFBC}") = "Mediarq.UnitOfWork.Tests", "Tests\Mediarq.UnitOfWork.Tests\Mediarq.UnitOfWork.Tests.csproj", "{8711F95C-8110-47D7-80D2-49E6D0C24A84}"
EndProject
Project("{FAE04EC0-301F-11D3-BF4B-00C04F79EFBC}") = "Mediarq.Polly", "src\Mediarq.Polly\Mediarq.Polly.csproj", "{D91F1579-A22A-4D79-A50C-38BD90DB744B}"
EndProject
Project("{FAE04EC0-301F-11D3-BF4B-00C04F79EFBC}") = "Mediarq.Polly.Tests", "Tests\Mediarq.Polly.Tests\Mediarq.Polly.Tests.csproj", "{146645F3-6226-444A-A62C-EED98E3F2973}"
EndProject
Project("{FAE04EC0-301F-11D3-BF4B-00C04F79EFBC}") = "Mediarq.Core", "src\Mediarq.Core\Mediarq.Core.csproj", "{062BCC97-5E74-4F4C-A89D-390CD81C5815}"
EndProject
Project("{FAE04EC0-301F-11D3-BF4B-00C04F79EFBC}") = "Mediarq.DataAnnotations", "src\Mediarq.DataAnnotations\Mediarq.DataAnnotations.csproj", "{326A6759-A81A-43B7-9D5C-4C64387C0878}"
EndProject
Project("{FAE04EC0-301F-11D3-BF4B-00C04F79EFBC}") = "Mediarq.DataAnnotations.Tests", "Tests\Mediarq.DataAnnotations.Tests\Mediarq.DataAnnotations.Tests.csproj", "{ECD19895-F06A-45F1-9CC2-0FFF1FC0D962}"
EndProject
Project("{FAE04EC0-301F-11D3-BF4B-00C04F79EFBC}") = "Mediarq.EntityFrameworkCore", "src\Mediarq.EntityFrameworkCore\Mediarq.EntityFrameworkCore.csproj", "{98E12932-14AF-4F70-9DC0-2692E3C452AC}"
EndProject
Project("{FAE04EC0-301F-11D3-BF4B-00C04F79EFBC}") = "Mediarq.EntityFrameworkCore.Tests", "Tests\Mediarq.EntityFrameworkCore.Tests\Mediarq.EntityFrameworkCore.Tests.csproj", "{E1E8FB58-1814-44BB-836E-06BC5CF7CF8C}"
EndProject
Project("{FAE04EC0-301F-11D3-BF4B-00C04F79EFBC}") = "Mediarq.OpenTelemetry", "src\Mediarq.OpenTelemetry\Mediarq.OpenTelemetry.csproj", "{9237E775-2FBF-4657-954A-D07472577A27}"
EndProject
Project("{FAE04EC0-301F-11D3-BF4B-00C04F79EFBC}") = "Mediarq.OpenTelemetry.Tests", "Tests\Mediarq.OpenTelemetry.Tests\Mediarq.OpenTelemetry.Tests.csproj", "{9C741747-CAFF-448B-909D-6CFC81B6E586}"
EndProject
Project("{FAE04EC0-301F-11D3-BF4B-00C04F79EFBC}") = "Mediarq.Idempotency", "src\Mediarq.Idempotency\Mediarq.Idempotency.csproj", "{D7BBA09B-F7FF-4B69-A5C3-0D4CA86D9047}"
EndProject
Project("{FAE04EC0-301F-11D3-BF4B-00C04F79EFBC}") = "Mediarq.Idempotency.Tests", "Tests\Mediarq.Idempotency.Tests\Mediarq.Idempotency.Tests.csproj", "{A081A4EF-4F62-4712-9AA2-C33EC299A599}"
EndProject
Project("{FAE04EC0-301F-11D3-BF4B-00C04F79EFBC}") = "Mediarq.Outbox", "src\Mediarq.Outbox\Mediarq.Outbox.csproj", "{99A67042-96BD-4096-A0A9-9D43CA4A4ACA}"
EndProject
Project("{FAE04EC0-301F-11D3-BF4B-00C04F79EFBC}") = "Mediarq.Outbox.Tests", "Tests\Mediarq.Outbox.Tests\Mediarq.Outbox.Tests.csproj", "{EF17AC9E-8F30-4133-A57B-23F34CCDD11F}"
EndProject
Global
	GlobalSection(SolutionConfigurationPlatforms) = preSolution
		Debug|Any CPU = Debug|Any CPU
		Debug|x64 = Debug|x64
		Debug|x86 = Debug|x86
		Release|Any CPU = Release|Any CPU
		Release|x64 = Release|x64
		Release|x86 = Release|x86
	EndGlobalSection
	GlobalSection(ProjectConfigurationPlatforms) = postSolution
		{75EFFE1B-828A-445D-A302-5348E7209E87}.Debug|Any CPU.ActiveCfg = Debug|Any CPU
		{75EFFE1B-828A-445D-A302-5348E7209E87}.Debug|Any CPU.Build.0 = Debug|Any CPU
		{75EFFE1B-828A-445D-A302-5348E7209E87}.Debug|x64.ActiveCfg = Debug|Any CPU
		{75EFFE1B-828A-445D-A302-5348E7209E87}.Debug|x64.Build.0 = Debug|Any CPU
		{75EFFE1B-828A-445D-A302-5348E7209E87}.Debug|x86.ActiveCfg = Debug|Any CPU
		{75EFFE1B-828A-445D-A302-5348E7209E87}.Debug|x86.Build.0 = Debug|Any CPU
		{75EFFE1B-828A-445D-A302-5348E7209E87}.Release|Any CPU.ActiveCfg = Release|Any CPU
		{75EFFE1B-828A-445D-A302-5348E7209E87}.Release|Any CPU.Build.0 = Release|Any CPU
		{75EFFE1B-828A-445D-A302-5348E7209E87}.Release|x64.ActiveCfg = Release|Any CPU
		{75EFFE1B-828A-445D-A302-5348E7209E87}.Release|x64.Build.0 = Release|Any CPU
		{75EFFE1B-828A-445D-A302-5348E7209E87}.Release|x86.ActiveCfg = Release|Any CPU
		{75EFFE1B-828A-445D-A302-5348E7209E87}.Release|x86.Build.0 = Release|Any CPU
		{D0B2F3BC-C0F4-8AA7-31DC-288660F0CB80}.Debug|Any CPU.ActiveCfg = Debug|Any CPU
		{D0B2F3BC-C0F4-8AA7-31DC-288660F0CB80}.Debug|Any CPU.Build.0 = Debug|Any CPU
		{D0B2F3BC-C0F4-8AA7-31DC-288660F0CB80}.Debug|x64.ActiveCfg = Debug|Any CPU
		{D0B2F3BC-C0F4-8AA7-31DC-288660F0CB80}.Debug|x64.Build.0 = Debug|Any CPU
		{D0B2F3BC-C0F4-8AA7-31DC-288660F0CB80}.Debug|x86.ActiveCfg = Debug|Any CPU
		{D0B2F3BC-C0F4-8AA7-31DC-288660F0CB80}.Debug|x86.Build.0 = Debug|Any CPU
		{D0B2F3BC-C0F4-8AA7-31DC-288660F0CB80}.Release|Any CPU.ActiveCfg = Release|Any CPU
		{D0B2F3BC-C0F4-8AA7-31DC-288660F0CB80}.Release|Any CPU.Build.0 = Release|Any CPU
		{D0B2F3BC-C0F4-8AA7-31DC-288660F0CB80}.Release|x64.ActiveCfg = Release|Any CPU
		{D0B2F3BC-C0F4-8AA7-31DC-288660F0CB80}.Release|x64.Build.0 = Release|Any CPU
		{D0B2F3BC-C0F4-8AA7-31DC-288660F0CB80}.Release|x86.ActiveCfg = Release|Any CPU
		{D0B2F3BC-C0F4-8AA7-31DC-288660F0CB80}.Release|x86.Build.0 = Release|Any CPU
		{5467314B-5596-49BE-9FDA-4547BA8E3048}.Debug|Any CPU.ActiveCfg = Debug|Any CPU
		{5467314B-5596-49BE-9FDA-4547BA8E3048}.Debug|Any CPU.Build.0 = Debug|Any CPU
		{5467314B-5596-49BE-9FDA-4547BA8E3048}.Debug|x64.ActiveCfg = Debug|Any CPU
		{5467314B-5596-49BE-9FDA-4547BA8E3048}.Debug|x64.Build.0 = Debug|Any CPU
		{5467314B-5596-49BE-9FDA-4547BA8E3048}.Debug|x86.ActiveCfg = Debug|Any CPU
		{5467314B-5596-49BE-9FDA-4547BA8E3048}.Debug|x86.Build.0 = Debug|Any CPU
		{5467314B-5596-49BE-9FDA-4547BA8E3048}.Release|Any CPU.ActiveCfg = Release|Any CPU
		{5467314B-5596-49BE-9FDA-4547BA8E3048}.Release|Any CPU.Build.0 = Release|Any CPU
		{5467314B-5596-49BE-9FDA-4547BA8E3048}.Release|x64.ActiveCfg = Release|Any CPU
		{5467314B-5596-49BE-9FDA-4547BA8E3048}.Release|x64.Build.0 = Release|Any CPU
		{5467314B-5596-49BE-9FDA-4547BA8E3048}.Release|x86.ActiveCfg = Release|Any CPU
		{5467314B-5596-49BE-9FDA-4547BA8E3048}.Release|x86.Build.0 = Release|Any CPU
		{50DA5E44-FE24-47A9-847F-ACCDB90D7E09}.Debug|Any CPU.ActiveCfg = Debug|Any CPU
		{50DA5E44-FE24-47A9-847F-ACCDB90D7E09}.Debug|Any CPU.Build.0 = Debug|Any CPU
		{50DA5E44-FE24-47A9-847F-ACCDB90D7E09}.Debug|x64.ActiveCfg = Debug|Any CPU
		{50DA5E44-FE24-47A9-847F-ACCDB90D7E09}.Debug|x64.Build.0 = Debug|Any CPU
		{50DA5E44-FE24-47A9-847F-ACCDB90D7E09}.Debug|x86.ActiveCfg = Debug|Any CPU
		{50DA5E44-FE24-47A9-847F-ACCDB90D7E09}.Debug|x86.Build.0 = Debug|Any CPU
		{50DA5E44-FE24-47A9-847F-ACCDB90D7E09}.Release|Any CPU.ActiveCfg = Release|Any CPU
		{50DA5E44-FE24-47A9-847F-ACCDB90D7E09}.Release|Any CPU.Build.0 = Release|Any CPU
		{50DA5E44-FE24-47A9-847F-ACCDB90D7E09}.Release|x64.ActiveCfg = Release|Any CPU
		{50DA5E44-FE24-47A9-847F-ACCDB90D7E09}.Release|x64.Build.0 = Release|Any CPU
		{50DA5E44-FE24-47A9-847F-ACCDB90D7E09}.Release|x86.ActiveCfg = Release|Any CPU
		{50DA5E44-FE24-47A9-847F-ACCDB90D7E09}.Release|x86.Build.0 = Release|Any CPU
		{61ABC9AD-D043-4988-AC9E-68513FB959E0}.Debug|Any CPU.ActiveCfg = Debug|Any CPU
		{61ABC9AD-D043-4988-AC9E-68513FB959E0}.Debug|Any CPU.Build.0 = Debug|Any CPU
		{61ABC9AD-D043-4988-AC9E-68513FB959E0}.Debug|x64.ActiveCfg = Debug|Any CPU
		{61ABC9AD-D043-4988-AC9E-68513FB959E0}.Debug|x64.Build.0 = Debug|Any CPU
		{61ABC9AD-D043-4988-AC9E-68513FB959E0}.Debug|x86.ActiveCfg = Debug|Any CPU
		{61ABC9AD-D043-4988-AC9E-68513FB959E0}.Debug|x86.Build.0 = Debug|Any CPU
		{61ABC9AD-D043-4988-AC9E-68513FB959E0}.Release|Any CPU.ActiveCfg = Release|Any CPU
		{61ABC9AD-D043-4988-AC9E-68513FB959E0}.Release|Any CPU.Build.0 = Release|Any CPU
		{61ABC9AD-D043-4988-AC9E-68513FB959E0}.Release|x64.ActiveCfg = Release|Any CPU
		{61ABC9AD-D043-4988-AC9E-68513FB959E0}.Release|x64.Build.0 = Release|Any CPU
		{61ABC9AD-D043-4988-AC9E-68513FB959E0}.Release|x86.ActiveCfg = Release|Any CPU
		{61ABC9AD-D043-4988-AC9E-68513FB959E0}.Release|x86.Build.0 = Release|Any CPU
		{0F0F79ED-581C-4B57-BCEC-5FAF6B22BDDA}.Debug|Any CPU.ActiveCfg = Debug|Any CPU
		{0F0F79ED-581C-4B57-BCEC-5FAF6B22BDDA}.Debug|Any CPU.Build.0 = Debug|Any CPU
		{0F0F79ED-581C-4B57-BCEC-5FAF6B22BDDA}.Debug|x64.ActiveCfg = Debug|Any CPU
		{0F0F79ED-581C-4B57-BCEC-5FAF6B22BDDA}.Debug|x64.Build.0 = Debug|Any CPU
		{0F0F79ED-581C-4B57-BCEC-5FAF6B22BDDA}.Debug|x86.ActiveCfg = Debug|Any CPU
		{0F0F79ED-581C-4B57-BCEC-5FAF6B22BDDA}.Debug|x86.Build.0 = Debug|Any CPU
		{0F0F79ED-581C-4B57-BCEC-5FAF6B22BDDA}.Release|Any CPU.ActiveCfg = Release|Any CPU
		{0F0F79ED-581C-4B57-BCEC-5FAF6B22BDDA}.Release|Any CPU.Build.0 = Release|Any CPU
		{0F0F79ED-581C-4B57-BCEC-5FAF6B22BDDA}.Release|x64.ActiveCfg = Release|Any CPU
		{0F0F79ED-581C-4B57-BCEC-5FAF6B22BDDA}.Release|x64.Build.0 = Release|Any CPU
		{0F0F79ED-581C-4B57-BCEC-5FAF6B22BDDA}.Release|x86.ActiveCfg = Release|Any CPU
		{0F0F79ED-581C-4B57-BCEC-5FAF6B22BDDA}.Release|x86.Build.0 = Release|Any CPU
		{28B24638-4E11-45BE-834E-903C488D57C1}.Debug|Any CPU.ActiveCfg = Debug|Any CPU
		{28B24638-4E11-45BE-834E-903C488D57C1}.Debug|Any CPU.Build.0 = Debug|Any CPU
		{28B24638-4E11-45BE-834E-903C488D57C1}.Debug|x64.ActiveCfg = Debug|Any CPU
		{28B24638-4E11-45BE-834E-903C488D57C1}.Debug|x64.Build.0 = Debug|Any CPU
		{28B24638-4E11-45BE-834E-903C488D57C1}.Debug|x86.ActiveCfg = Debug|Any CPU
		{28B24638-4E11-45BE-834E-903C488D57C1}.Debug|x86.Build.0 = Debug|Any CPU
		{28B24638-4E11-45BE-834E-903C488D57C1}.Release|Any CPU.ActiveCfg = Release|Any CPU
		{28B24638-4E11-45BE-834E-903C488D57C1}.Release|Any CPU.Build.0 = Release|Any CPU
		{28B24638-4E11-45BE-834E-903C488D57C1}.Release|x64.ActiveCfg = Release|Any CPU
		{28B24638-4E11-45BE-834E-903C488D57C1}.Release|x64.Build.0 = Release|Any CPU
		{28B24638-4E11-45BE-834E-903C488D57C1}.Release|x86.ActiveCfg = Release|Any CPU
		{28B24638-4E11-45BE-834E-903C488D57C1}.Release|x86.Build.0 = Release|Any CPU
		{23DEA0C0-9DBB-4347-82F0-9D6E01CE4F8E}.Debug|Any CPU.ActiveCfg = Debug|Any CPU
		{23DEA0C0-9DBB-4347-82F0-9D6E01CE4F8E}.Debug|Any CPU.Build.0 = Debug|Any CPU
		{23DEA0C0-9DBB-4347-82F0-9D6E01CE4F8E}.Debug|x64.ActiveCfg = Debug|Any CPU
		{23DEA0C0-9DBB-4347-82F0-9D6E01CE4F8E}.Debug|x64.Build.0 = Debug|Any CPU
		{23DEA0C0-9DBB-4347-82F0-9D6E01CE4F8E}.Debug|x86.ActiveCfg = Debug|Any CPU
		{23DEA0C0-9DBB-4347-82F0-9D6E01CE4F8E}.Debug|x86.Build.0 = Debug|Any CPU
		{23DEA0C0-9DBB-4347-82F0-9D6E01CE4F8E}.Release|Any CPU.ActiveCfg = Release|Any CPU
		{23DEA0C0-9DBB-4347-82F0-9D6E01CE4F8E}.Release|Any CPU.Build.0 = Release|Any CPU
		{23DEA0C0-9DBB-4347-82F0-9D6E01CE4F8E}.Release|x64.ActiveCfg = Release|Any CPU
		{23DEA0C0-9DBB-4347-82F0-9D6E01CE4F8E}.Release|x64.Build.0 = Release|Any CPU
		{23DEA0C0-9DBB-4347-82F0-9D6E01CE4F8E}.Release|x86.ActiveCfg = Release|Any CPU
		{23DEA0C0-9DBB-4347-82F0-9D6E01CE4F8E}.Release|x86.Build.0 = Release|Any CPU
		{83CF677C-8886-4B47-988D-6BC726CE7330}.Debug|Any CPU.ActiveCfg = Debug|Any CPU
		{83CF677C-8886-4B47-988D-6BC726CE7330}.Debug|Any CPU.Build.0 = Debug|Any CPU
		{83CF677C-8886-4B47-988D-6BC726CE7330}.Debug|x64.ActiveCfg = Debug|Any CPU
		{83CF677C-8886-4B47-988D-6BC726CE7330}.Debug|x64.Build.0 = Debug|Any CPU
		{83CF677C-8886-4B47-988D-6BC726CE7330}.Debug|x86.ActiveCfg = Debug|Any CPU
		{83CF677C-8886-4B47-988D-6BC726CE7330}.Debug|x86.Build.0 = Debug|Any CPU
		{83CF677C-8886-4B47-988D-6BC726CE7330}.Release|Any CPU.ActiveCfg = Release|Any CPU
		{83CF677C-8886-4B47-988D-6BC726CE7330}.Release|Any CPU.Build.0 = Release|Any CPU
		{83CF677C-8886-4B47-988D-6BC726CE7330}.Release|x64.ActiveCfg = Release|Any CPU
		{83CF677C-8886-4B47-988D-6BC726CE7330}.Release|x64.Build.0 = Release|Any CPU
		{83CF677C-8886-4B47-988D-6BC726CE7330}.Release|x86.ActiveCfg = Release|Any CPU
		{83CF677C-8886-4B47-988D-6BC726CE7330}.Release|x86.Build.0 = Release|Any CPU
		{62499155-20C4-4B15-975B-070B5FDB439A}.Debug|Any CPU.ActiveCfg = Debug|Any CPU
		{62499155-20C4-4B15-975B-070B5FDB439A}.Debug|Any CPU.Build.0 = Debug|Any CPU
		{62499155-20C4-4B15-975B-070B5FDB439A}.Debug|x64.ActiveCfg = Debug|Any CPU
		{62499155-20C4-4B15-975B-070B5FDB439A}.Debug|x64.Build.0 = Debug|Any CPU
		{62499155-20C4-4B15-975B-070B5FDB439A}.Debug|x86.ActiveCfg = Debug|Any CPU
		{62499155-20C4-4B15-975B-070B5FDB439A}.Debug|x86.Build.0 = Debug|Any CPU
		{62499155-20C4-4B15-975B-070B5FDB439A}.Release|Any CPU.ActiveCfg = Release|Any CPU
		{62499155-20C4-4B15-975B-070B5FDB439A}.Release|Any CPU.Build.0 = Release|Any CPU
		{62499155-20C4-4B15-975B-070B5FDB439A}.Release|x64.ActiveCfg = Release|Any CPU
		{62499155-20C4-4B15-975B-070B5FDB439A}.Release|x64.Build.0 = Release|Any CPU
		{62499155-20C4-4B15-975B-070B5FDB439A}.Release|x86.ActiveCfg = Release|Any CPU
		{62499155-20C4-4B15-975B-070B5FDB439A}.Release|x86.Build.0 = Release|Any CPU
		{E1E1F019-959B-49C6-A956-A6D54C0A81B9}.Debug|Any CPU.ActiveCfg = Debug|Any CPU
		{E1E1F019-959B-49C6-A956-A6D54C0A81B9}.Debug|Any CPU.Build.0 = Debug|Any CPU
		{E1E1F019-959B-49C6-A956-A6D54C0A81B9}.Debug|x64.ActiveCfg = Debug|Any CPU
		{E1E1F019-959B-49C6-A956-A6D54C0A81B9}.Debug|x64.Build.0 = Debug|Any CPU
		{E1E1F019-959B-49C6-A956-A6D54C0A81B9}.Debug|x86.ActiveCfg = Debug|Any CPU
		{E1E1F019-959B-49C6-A956-A6D54C0A81B9}.Debug|x86.Build.0 = Debug|Any CPU
		{E1E1F019-959B-49C6-A956-A6D54C0A81B9}.Release|Any CPU.ActiveCfg = Release|Any CPU
		{E1E1F019-959B-49C6-A956-A6D54C0A81B9}.Release|Any CPU.Build.0 = Release|Any CPU
		{E1E1F019-959B-49C6-A956-A6D54C0A81B9}.Release|x64.ActiveCfg = Release|Any CPU
		{E1E1F019-959B-49C6-A956-A6D54C0A81B9}.Release|x64.Build.0 = Release|Any CPU
		{E1E1F019-959B-49C6-A956-A6D54C0A81B9}.Release|x86.ActiveCfg = Release|Any CPU
		{E1E1F019-959B-49C6-A956-A6D54C0A81B9}.Release|x86.Build.0 = Release|Any CPU
		{465FCA27-0354-424C-837B-AD33B2EE8A8F}.Debug|Any CPU.ActiveCfg = Debug|Any CPU
		{465FCA27-0354-424C-837B-AD33B2EE8A8F}.Debug|Any CPU.Build.0 = Debug|Any CPU
		{465FCA27-0354-424C-837B-AD33B2EE8A8F}.Debug|x64.ActiveCfg = Debug|Any CPU
		{465FCA27-0354-424C-837B-AD33B2EE8A8F}.Debug|x64.Build.0 = Debug|Any CPU
		{465FCA27-0354-424C-837B-AD33B2EE8A8F}.Debug|x86.ActiveCfg = Debug|Any CPU
		{465FCA27-0354-424C-837B-AD33B2EE8A8F}.Debug|x86.Build.0 = Debug|Any CPU
		{465FCA27-0354-424C-837B-AD33B2EE8A8F}.Release|Any CPU.ActiveCfg = Release|Any CPU
		{465FCA27-0354-424C-837B-AD33B2EE8A8F}.Release|Any CPU.Build.0 = Release|Any CPU
		{465FCA27-0354-424C-837B-AD33B2EE8A8F}.Release|x64.ActiveCfg = Release|Any CPU
		{465FCA27-0354-424C-837B-AD33B2EE8A8F}.Release|x64.Build.0 = Release|Any CPU
		{465FCA27-0354-424C-837B-AD33B2EE8A8F}.Release|x86.ActiveCfg = Release|Any CPU
		{465FCA27-0354-424C-837B-AD33B2EE8A8F}.Release|x86.Build.0 = Release|Any CPU
		{72920832-68D5-4E64-9AC0-E979B5D2FC99}.Debug|Any CPU.ActiveCfg = Debug|Any CPU
		{72920832-68D5-4E64-9AC0-E979B5D2FC99}.Debug|Any CPU.Build.0 = Debug|Any CPU
		{72920832-68D5-4E64-9AC0-E979B5D2FC99}.Debug|x64.ActiveCfg = Debug|Any CPU
		{72920832-68D5-4E64-9AC0-E979B5D2FC99}.Debug|x64.Build.0 = Debug|Any CPU
		{72920832-68D5-4E64-9AC0-E979B5D2FC99}.Debug|x86.ActiveCfg = Debug|Any CPU
		{72920832-68D5-4E64-9AC0-E979B5D2FC99}.Debug|x86.Build.0 = Debug|Any CPU
		{72920832-68D5-4E64-9AC0-E979B5D2FC99}.Release|Any CPU.ActiveCfg = Release|Any CPU
		{72920832-68D5-4E64-9AC0-E979B5D2FC99}.Release|Any CPU.Build.0 = Release|Any CPU
		{72920832-68D5-4E64-9AC0-E979B5D2FC99}.Release|x64.ActiveCfg = Release|Any CPU
		{72920832-68D5-4E64-9AC0-E979B5D2FC99}.Release|x64.Build.0 = Release|Any CPU
		{72920832-68D5-4E64-9AC0-E979B5D2FC99}.Release|x86.ActiveCfg = Release|Any CPU
		{72920832-68D5-4E64-9AC0-E979B5D2FC99}.Release|x86.Build.0 = Release|Any CPU
		{FDE1C47D-D8A7-48D2-9A2F-12CCBD77F6A3}.Debug|Any CPU.ActiveCfg = Debug|Any CPU
		{FDE1C47D-D8A7-48D2-9A2F-12CCBD77F6A3}.Debug|Any CPU.Build.0 = Debug|Any CPU
		{FDE1C47D-D8A7-48D2-9A2F-12CCBD77F6A3}.Debug|x64.ActiveCfg = Debug|Any CPU
		{FDE1C47D-D8A7-48D2-9A2F-12CCBD77F6A3}.Debug|x64.Build.0 = Debug|Any CPU
		{FDE1C47D-D8A7-48D2-9A2F-12CCBD77F6A3}.Debug|x86.ActiveCfg = Debug|Any CPU
		{FDE1C47D-D8A7-48D2-9A2F-12CCBD77F6A3}.Debug|x86.Build.0 = Debug|Any CPU
		{FDE1C47D-D8A7-48D2-9A2F-12CCBD77F6A3}.Release|Any CPU.ActiveCfg = Release|Any CPU
		{FDE1C47D-D8A7-48D2-9A2F-12CCBD77F6A3}.Release|Any CPU.Build.0 = Release|Any CPU
		{FDE1C47D-D8A7-48D2-9A2F-12CCBD77F6A3}.Release|x64.ActiveCfg = Release|Any CPU
		{FDE1C47D-D8A7-48D2-9A2F-12CCBD77F6A3}.Release|x64.Build.0 = Release|Any CPU
		{FDE1C47D-D8A7-48D2-9A2F-12CCBD77F6A3}.Release|x86.ActiveCfg = Release|Any CPU
		{FDE1C47D-D8A7-48D2-9A2F-12CCBD77F6A3}.Release|x86.Build.0 = Release|Any CPU
		{4F78DDF1-11C9-46BF-A3C5-AF53754D9410}.Debug|Any CPU.ActiveCfg = Debug|Any CPU
		{4F78DDF1-11C9-46BF-A3C5-AF53754D9410}.Debug|Any CPU.Build.0 = Debug|Any CPU
		{4F78DDF1-11C9-46BF-A3C5-AF53754D9410}.Debug|x64.ActiveCfg = Debug|Any CPU
		{4F78DDF1-11C9-46BF-A3C5-AF53754D9410}.Debug|x64.Build.0 = Debug|Any CPU
		{4F78DDF1-11C9-46BF-A3C5-AF53754D9410}.Debug|x86.ActiveCfg = Debug|Any CPU
		{4F78DDF1-11C9-46BF-A3C5-AF53754D9410}.Debug|x86.Build.0 = Debug|Any CPU
		{4F78DDF1-11C9-46BF-A3C5-AF53754D9410}.Release|Any CPU.ActiveCfg = Release|Any CPU
		{4F78DDF1-11C9-46BF-A3C5-AF53754D9410}.Release|Any CPU.Build.0 = Release|Any CPU
		{4F78DDF1-11C9-46BF-A3C5-AF53754D9410}.Release|x64.ActiveCfg = Release|Any CPU
		{4F78DDF1-11C9-46BF-A3C5-AF53754D9410}.Release|x64.Build.0 = Release|Any CPU
		{4F78DDF1-11C9-46BF-A3C5-AF53754D9410}.Release|x86.ActiveCfg = Release|Any CPU
		{4F78DDF1-11C9-46BF-A3C5-AF53754D9410}.Release|x86.Build.0 = Release|Any CPU
		{51EB97E5-138B-4F05-9B0F-F7BCF3CA6335}.Debug|Any CPU.ActiveCfg = Debug|Any CPU
		{51EB97E5-138B-4F05-9B0F-F7BCF3CA6335}.Debug|Any CPU.Build.0 = Debug|Any CPU
		{51EB97E5-138B-4F05-9B0F-F7BCF3CA6335}.Debug|x64.ActiveCfg = Debug|Any CPU
		{51EB97E5-138B-4F05-9B0F-F7BCF3CA6335}.Debug|x64.Build.0 = Debug|Any CPU
		{51EB97E5-138B-4F05-9B0F-F7BCF3CA6335}.Debug|x86.ActiveCfg = Debug|Any CPU
		{51EB97E5-138B-4F05-9B0F-F7BCF3CA6335}.Debug|x86.Build.0 = Debug|Any CPU
		{51EB97E5-138B-4F05-9B0F-F7BCF3CA6335}.Release|Any CPU.ActiveCfg = Release|Any CPU
		{51EB97E5-138B-4F05-9B0F-F7BCF3CA6335}.Release|Any CPU.Build.0 = Release|Any CPU
		{51EB97E5-138B-4F05-9B0F-F7BCF3CA6335}.Release|x64.ActiveCfg = Release|Any CPU
		{51EB97E5-138B-4F05-9B0F-F7BCF3CA6335}.Release|x64.Build.0 = Release|Any CPU
		{51EB97E5-138B-4F05-9B0F-F7BCF3CA6335}.Release|x86.ActiveCfg = Release|Any CPU
		{51EB97E5-138B-4F05-9B0F-F7BCF3CA6335}.Release|x86.Build.0 = Release|Any CPU
		{8BEADAA4-D195-46DE-AA9B-B95DDF90EC44}.Debug|Any CPU.ActiveCfg = Debug|Any CPU
		{8BEADAA4-D195-46DE-AA9B-B95DDF90EC44}.Debug|Any CPU.Build.0 = Debug|Any CPU
		{8BEADAA4-D195-46DE-AA9B-B95DDF90EC44}.Debug|x64.ActiveCfg = Debug|Any CPU
		{8BEADAA4-D195-46DE-AA9B-B95DDF90EC44}.Debug|x64.Build.0 = Debug|Any CPU
		{8BEADAA4-D195-46DE-AA9B-B95DDF90EC44}.Debug|x86.ActiveCfg = Debug|Any CPU
		{8BEADAA4-D195-46DE-AA9B-B95DDF90EC44}.Debug|x86.Build.0 = Debug|Any CPU
		{8BEADAA4-D195-46DE-AA9B-B95DDF90EC44}.Release|Any CPU.ActiveCfg = Release|Any CPU
		{8BEADAA4-D195-46DE-AA9B-B95DDF90EC44}.Release|Any CPU.Build.0 = Release|Any CPU
		{8BEADAA4-D195-46DE-AA9B-B95DDF90EC44}.Release|x64.ActiveCfg = Release|Any CPU
		{8BEADAA4-D195-46DE-AA9B-B95DDF90EC44}.Release|x64.Build.0 = Release|Any CPU
		{8BEADAA4-D195-46DE-AA9B-B95DDF90EC44}.Release|x86.ActiveCfg = Release|Any CPU
		{8BEADAA4-D195-46DE-AA9B-B95DDF90EC44}.Release|x86.Build.0 = Release|Any CPU
		{8711F95C-8110-47D7-80D2-49E6D0C24A84}.Debug|Any CPU.ActiveCfg = Debug|Any CPU
		{8711F95C-8110-47D7-80D2-49E6D0C24A84}.Debug|Any CPU.Build.0 = Debug|Any CPU
		{8711F95C-8110-47D7-80D2-49E6D0C24A84}.Debug|x64.ActiveCfg = Debug|Any CPU
		{8711F95C-8110-47D7-80D2-49E6D0C24A84}.Debug|x64.Build.0 = Debug|Any CPU
		{8711F95C-8110-47D7-80D2-49E6D0C24A84}.Debug|x86.ActiveCfg = Debug|Any CPU
		{8711F95C-8110-47D7-80D2-49E6D0C24A84}.Debug|x86.Build.0 = Debug|Any CPU
		{8711F95C-8110-47D7-80D2-49E6D0C24A84}.Release|Any CPU.ActiveCfg = Release|Any CPU
		{8711F95C-8110-47D7-80D2-49E6D0C24A84}.Release|Any CPU.Build.0 = Release|Any CPU
		{8711F95C-8110-47D7-80D2-49E6D0C24A84}.Release|x64.ActiveCfg = Release|Any CPU
		{8711F95C-8110-47D7-80D2-49E6D0C24A84}.Release|x64.Build.0 = Release|Any CPU
		{8711F95C-8110-47D7-80D2-49E6D0C24A84}.Release|x86.ActiveCfg = Release|Any CPU
		{8711F95C-8110-47D7-80D2-49E6D0C24A84}.Release|x86.Build.0 = Release|Any CPU
		{D91F1579-A22A-4D79-A50C-38BD90DB744B}.Debug|Any CPU.ActiveCfg = Debug|Any CPU
		{D91F1579-A22A-4D79-A50C-38BD90DB744B}.Debug|Any CPU.Build.0 = Debug|Any CPU
		{D91F1579-A22A-4D79-A50C-38BD90DB744B}.Debug|x64.ActiveCfg = Debug|Any CPU
		{D91F1579-A22A-4D79-A50C-38BD90DB744B}.Debug|x64.Build.0 = Debug|Any CPU
		{D91F1579-A22A-4D79-A50C-38BD90DB744B}.Debug|x86.ActiveCfg = Debug|Any CPU
		{D91F1579-A22A-4D79-A50C-38BD90DB744B}.Debug|x86.Build.0 = Debug|Any CPU
		{D91F1579-A22A-4D79-A50C-38BD90DB744B}.Release|Any CPU.ActiveCfg = Release|Any CPU
		{D91F1579-A22A-4D79-A50C-38BD90DB744B}.Release|Any CPU.Build.0 = Release|Any CPU
		{D91F1579-A22A-4D79-A50C-38BD90DB744B}.Release|x64.ActiveCfg = Release|Any CPU
		{D91F1579-A22A-4D79-A50C-38BD90DB744B}.Release|x64.Build.0 = Release|Any CPU
		{D91F1579-A22A-4D79-A50C-38BD90DB744B}.Release|x86.ActiveCfg = Release|Any CPU
		{D91F1579-A22A-4D79-A50C-38BD90DB744B}.Release|x86.Build.0 = Release|Any CPU
		{146645F3-6226-444A-A62C-EED98E3F2973}.Debug|Any CPU.ActiveCfg = Debug|Any CPU
		{146645F3-6226-444A-A62C-EED98E3F2973}.Debug|Any CPU.Build.0 = Debug|Any CPU
		{146645F3-6226-444A-A62C-EED98E3F2973}.Debug|x64.ActiveCfg = Debug|Any CPU
		{146645F3-6226-444A-A62C-EED98E3F2973}.Debug|x64.Build.0 = Debug|Any CPU
		{146645F3-6226-444A-A62C-EED98E3F2973}.Debug|x86.ActiveCfg = Debug|Any CPU
		{146645F3-6226-444A-A62C-EED98E3F2973}.Debug|x86.Build.0 = Debug|Any CPU
		{146645F3-6226-444A-A62C-EED98E3F2973}.Release|Any CPU.ActiveCfg = Release|Any CPU
		{146645F3-6226-444A-A62C-EED98E3F2973}.Release|Any CPU.Build.0 = Release|Any CPU
		{146645F3-6226-444A-A62C-EED98E3F2973}.Release|x64.ActiveCfg = Release|Any CPU
		{146645F3-6226-444A-A62C-EED98E3F2973}.Release|x64.Build.0 = Release|Any CPU
		{146645F3-6226-444A-A62C-EED98E3F2973}.Release|x86.ActiveCfg = Release|Any CPU
		{146645F3-6226-444A-A62C-EED98E3F2973}.Release|x86.Build.0 = Release|Any CPU
		{062BCC97-5E74-4F4C-A89D-390CD81C5815}.Debug|Any CPU.ActiveCfg = Debug|Any CPU
		{062BCC97-5E74-4F4C-A89D-390CD81C5815}.Debug|Any CPU.Build.0 = Debug|Any CPU
		{062BCC97-5E74-4F4C-A89D-390CD81C5815}.Debug|x64.ActiveCfg = Debug|Any CPU
		{062BCC97-5E74-4F4C-A89D-390CD81C5815}.Debug|x64.Build.0 = Debug|Any CPU
		{062BCC97-5E74-4F4C-A89D-390CD81C5815}.Debug|x86.ActiveCfg = Debug|Any CPU
		{062BCC97-5E74-4F4C-A89D-390CD81C5815}.Debug|x86.Build.0 = Debug|Any CPU
		{062BCC97-5E74-4F4C-A89D-390CD81C5815}.Release|Any CPU.ActiveCfg = Release|Any CPU
		{062BCC97-5E74-4F4C-A89D-390CD81C5815}.Release|Any CPU.Build.0 = Release|Any CPU
		{062BCC97-5E74-4F4C-A89D-390CD81C5815}.Release|x64.ActiveCfg = Release|Any CPU
		{062BCC97-5E74-4F4C-A89D-390CD81C5815}.Release|x64.Build.0 = Release|Any CPU
		{062BCC97-5E74-4F4C-A89D-390CD81C5815}.Release|x86.ActiveCfg = Release|Any CPU
		{062BCC97-5E74-4F4C-A89D-390CD81C5815}.Release|x86.Build.0 = Release|Any CPU
		{326A6759-A81A-43B7-9D5C-4C64387C0878}.Debug|Any CPU.ActiveCfg = Debug|Any CPU
		{326A6759-A81A-43B7-9D5C-4C64387C0878}.Debug|Any CPU.Build.0 = Debug|Any CPU
		{326A6759-A81A-43B7-9D5C-4C64387C0878}.Debug|x64.ActiveCfg = Debug|Any CPU
		{326A6759-A81A-43B7-9D5C-4C64387C0878}.Debug|x64.Build.0 = Debug|Any CPU
		{326A6759-A81A-43B7-9D5C-4C64387C0878}.Debug|x86.ActiveCfg = Debug|Any CPU
		{326A6759-A81A-43B7-9D5C-4C64387C0878}.Debug|x86.Build.0 = Debug|Any CPU
		{326A6759-A81A-43B7-9D5C-4C64387C0878}.Release|Any CPU.ActiveCfg = Release|Any CPU
		{326A6759-A81A-43B7-9D5C-4C64387C0878}.Release|Any CPU.Build.0 = Release|Any CPU
		{326A6759-A81A-43B7-9D5C-4C64387C0878}.Release|x64.ActiveCfg = Release|Any CPU
		{326A6759-A81A-43B7-9D5C-4C64387C0878}.Release|x64.Build.0 = Release|Any CPU
		{326A6759-A81A-43B7-9D5C-4C64387C0878}.Release|x86.ActiveCfg = Release|Any CPU
		{326A6759-A81A-43B7-9D5C-4C64387C0878}.Release|x86.Build.0 = Release|Any CPU
		{ECD19895-F06A-45F1-9CC2-0FFF1FC0D962}.Debug|Any CPU.ActiveCfg = Debug|Any CPU
		{ECD19895-F06A-45F1-9CC2-0FFF1FC0D962}.Debug|Any CPU.Build.0 = Debug|Any CPU
		{ECD19895-F06A-45F1-9CC2-0FFF1FC0D962}.Debug|x64.ActiveCfg = Debug|Any CPU
		{ECD19895-F06A-45F1-9CC2-0FFF1FC0D962}.Debug|x64.Build.0 = Debug|Any CPU
		{ECD19895-F06A-45F1-9CC2-0FFF1FC0D962}.Debug|x86.ActiveCfg = Debug|Any CPU
		{ECD19895-F06A-45F1-9CC2-0FFF1FC0D962}.Debug|x86.Build.0 = Debug|Any CPU
		{ECD19895-F06A-45F1-9CC2-0FFF1FC0D962}.Release|Any CPU.ActiveCfg = Release|Any CPU
		{ECD19895-F06A-45F1-9CC2-0FFF1FC0D962}.Release|Any CPU.Build.0 = Release|Any CPU
		{ECD19895-F06A-45F1-9CC2-0FFF1FC0D962}.Release|x64.ActiveCfg = Release|Any CPU
		{ECD19895-F06A-45F1-9CC2-0FFF1FC0D962}.Release|x64.Build.0 = Release|Any CPU
		{ECD19895-F06A-45F1-9CC2-0FFF1FC0D962}.Release|x86.ActiveCfg = Release|Any CPU
		{ECD19895-F06A-45F1-9CC2-0FFF1FC0D962}.Release|x86.Build.0 = Release|Any CPU
		{98E12932-14AF-4F70-9DC0-2692E3C452AC}.Debug|Any CPU.ActiveCfg = Debug|Any CPU
		{98E12932-14AF-4F70-9DC0-2692E3C452AC}.Debug|Any CPU.Build.0 = Debug|Any CPU
		{98E12932-14AF-4F70-9DC0-2692E3C452AC}.Debug|x64.ActiveCfg = Debug|Any CPU
		{98E12932-14AF-4F70-9DC0-2692E3C452AC}.Debug|x64.Build.0 = Debug|Any CPU
		{98E12932-14AF-4F70-9DC0-2692E3C452AC}.Debug|x86.ActiveCfg = Debug|Any CPU
		{98E12932-14AF-4F70-9DC0-2692E3C452AC}.Debug|x86.Build.0 = Debug|Any CPU
		{98E12932-14AF-4F70-9DC0-2692E3C452AC}.Release|Any CPU.ActiveCfg = Release|Any CPU
		{98E12932-14AF-4F70-9DC0-2692E3C452AC}.Release|Any CPU.Build.0 = Release|Any CPU
		{98E12932-14AF-4F70-9DC0-2692E3C452AC}.Release|x64.ActiveCfg = Release|Any CPU
		{98E12932-14AF-4F70-9DC0-2692E3C452AC}.Release|x64.Build.0 = Release|Any CPU
		{98E12932-14AF-4F70-9DC0-2692E3C452AC}.Release|x86.ActiveCfg = Release|Any CPU
		{98E12932-14AF-4F70-9DC0-2692E3C452AC}.Release|x86.Build.0 = Release|Any CPU
		{E1E8FB58-1814-44BB-836E-06BC5CF7CF8C}.Debug|Any CPU.ActiveCfg = Debug|Any CPU
		{E1E8FB58-1814-44BB-836E-06BC5CF7CF8C}.Debug|Any CPU.Build.0 = Debug|Any CPU
		{E1E8FB58-1814-44BB-836E-06BC5CF7CF8C}.Debug|x64.ActiveCfg = Debug|Any CPU
		{E1E8FB58-1814-44BB-836E-06BC5CF7CF8C}.Debug|x64.Build.0 = Debug|Any CPU
		{E1E8FB58-1814-44BB-836E-06BC5CF7CF8C}.Debug|x86.ActiveCfg = Debug|Any CPU
		{E1E8FB58-1814-44BB-836E-06BC5CF7CF8C}.Debug|x86.Build.0 = Debug|Any CPU
		{E1E8FB58-1814-44BB-836E-06BC5CF7CF8C}.Release|Any CPU.ActiveCfg = Release|Any CPU
		{E1E8FB58-1814-44BB-836E-06BC5CF7CF8C}.Release|Any CPU.Build.0 = Release|Any CPU
		{E1E8FB58-1814-44BB-836E-06BC5CF7CF8C}.Release|x64.ActiveCfg = Release|Any CPU
		{E1E8FB58-1814-44BB-836E-06BC5CF7CF8C}.Release|x64.Build.0 = Release|Any CPU
		{E1E8FB58-1814-44BB-836E-06BC5CF7CF8C}.Release|x86.ActiveCfg = Release|Any CPU
		{E1E8FB58-1814-44BB-836E-06BC5CF7CF8C}.Release|x86.Build.0 = Release|Any CPU
		{9237E775-2FBF-4657-954A-D07472577A27}.Debug|Any CPU.ActiveCfg = Debug|Any CPU
		{9237E775-2FBF-4657-954A-D07472577A27}.Debug|Any CPU.Build.0 = Debug|Any CPU
		{9237E775-2FBF-4657-954A-D07472577A27}.Debug|x64.ActiveCfg = Debug|Any CPU
		{9237E775-2FBF-4657-954A-D07472577A27}.Debug|x64.Build.0 = Debug|Any CPU
		{9237E775-2FBF-4657-954A-D07472577A27}.Debug|x86.ActiveCfg = Debug|Any CPU
		{9237E775-2FBF-4657-954A-D07472577A27}.Debug|x86.Build.0 = Debug|Any CPU
		{9237E775-2FBF-4657-954A-D07472577A27}.Release|Any CPU.ActiveCfg = Release|Any CPU
		{9237E775-2FBF-4657-954A-D07472577A27}.Release|Any CPU.Build.0 = Release|Any CPU
		{9237E775-2FBF-4657-954A-D07472577A27}.Release|x64.ActiveCfg = Release|Any CPU
		{9237E775-2FBF-4657-954A-D07472577A27}.Release|x64.Build.0 = Release|Any CPU
		{9237E775-2FBF-4657-954A-D07472577A27}.Release|x86.ActiveCfg = Release|Any CPU
		{9237E775-2FBF-4657-954A-D07472577A27}.Release|x86.Build.0 = Release|Any CPU
		{9C741747-CAFF-448B-909D-6CFC81B6E586}.Debug|Any CPU.ActiveCfg = Debug|Any CPU
		{9C741747-CAFF-448B-909D-6CFC81B6E586}.Debug|Any CPU.Build.0 = Debug|Any CPU
		{9C741747-CAFF-448B-909D-6CFC81B6E586}.Debug|x64.ActiveCfg = Debug|Any CPU
		{9C741747-CAFF-448B-909D-6CFC81B6E586}.Debug|x64.Build.0 = Debug|Any CPU
		{9C741747-CAFF-448B-909D-6CFC81B6E586}.Debug|x86.ActiveCfg = Debug|Any CPU
		{9C741747-CAFF-448B-909D-6CFC81B6E586}.Debug|x86.Build.0 = Debug|Any CPU
		{9C741747-CAFF-448B-909D-6CFC81B6E586}.Release|Any CPU.ActiveCfg = Release|Any CPU
		{9C741747-CAFF-448B-909D-6CFC81B6E586}.Release|Any CPU.Build.0 = Release|Any CPU
		{9C741747-CAFF-448B-909D-6CFC81B6E586}.Release|x64.ActiveCfg = Release|Any CPU
		{9C741747-CAFF-448B-909D-6CFC81B6E586}.Release|x64.Build.0 = Release|Any CPU
		{9C741747-CAFF-448B-909D-6CFC81B6E586}.Release|x86.ActiveCfg = Release|Any CPU
		{9C741747-CAFF-448B-909D-6CFC81B6E586}.Release|x86.Build.0 = Release|Any CPU
		{D7BBA09B-F7FF-4B69-A5C3-0D4CA86D9047}.Debug|Any CPU.ActiveCfg = Debug|Any CPU
		{D7BBA09B-F7FF-4B69-A5C3-0D4CA86D9047}.Debug|Any CPU.Build.0 = Debug|Any CPU
		{D7BBA09B-F7FF-4B69-A5C3-0D4CA86D9047}.Debug|x64.ActiveCfg = Debug|Any CPU
		{D7BBA09B-F7FF-4B69-A5C3-0D4CA86D9047}.Debug|x64.Build.0 = Debug|Any CPU
		{D7BBA09B-F7FF-4B69-A5C3-0D4CA86D9047}.Debug|x86.ActiveCfg = Debug|Any CPU
		{D7BBA09B-F7FF-4B69-A5C3-0D4CA86D9047}.Debug|x86.Build.0 = Debug|Any CPU
		{D7BBA09B-F7FF-4B69-A5C3-0D4CA86D9047}.Release|Any CPU.ActiveCfg = Release|Any CPU
		{D7BBA09B-F7FF-4B69-A5C3-0D4CA86D9047}.Release|Any CPU.Build.0 = Release|Any CPU
		{D7BBA09B-F7FF-4B69-A5C3-0D4CA86D9047}.Release|x64.ActiveCfg = Release|Any CPU
		{D7BBA09B-F7FF-4B69-A5C3-0D4CA86D9047}.Release|x64.Build.0 = Release|Any CPU
		{D7BBA09B-F7FF-4B69-A5C3-0D4CA86D9047}.Release|x86.ActiveCfg = Release|Any CPU
		{D7BBA09B-F7FF-4B69-A5C3-0D4CA86D9047}.Release|x86.Build.0 = Release|Any CPU
		{A081A4EF-4F62-4712-9AA2-C33EC299A599}.Debug|Any CPU.ActiveCfg = Debug|Any CPU
		{A081A4EF-4F62-4712-9AA2-C33EC299A599}.Debug|Any CPU.Build.0 = Debug|Any CPU
		{A081A4EF-4F62-4712-9AA2-C33EC299A599}.Debug|x64.ActiveCfg = Debug|Any CPU
		{A081A4EF-4F62-4712-9AA2-C33EC299A599}.Debug|x64.Build.0 = Debug|Any CPU
		{A081A4EF-4F62-4712-9AA2-C33EC299A599}.Debug|x86.ActiveCfg = Debug|Any CPU
		{A081A4EF-4F62-4712-9AA2-C33EC299A599}.Debug|x86.Build.0 = Debug|Any CPU
		{A081A4EF-4F62-4712-9AA2-C33EC299A599}.Release|Any CPU.ActiveCfg = Release|Any CPU
		{A081A4EF-4F62-4712-9AA2-C33EC299A599}.Release|Any CPU.Build.0 = Release|Any CPU
		{A081A4EF-4F62-4712-9AA2-C33EC299A599}.Release|x64.ActiveCfg = Release|Any CPU
		{A081A4EF-4F62-4712-9AA2-C33EC299A599}.Release|x64.Build.0 = Release|Any CPU
		{A081A4EF-4F62-4712-9AA2-C33EC299A599}.Release|x86.ActiveCfg = Release|Any CPU
		{A081A4EF-4F62-4712-9AA2-C33EC299A599}.Release|x86.Build.0 = Release|Any CPU
		{99A67042-96BD-4096-A0A9-9D43CA4A4ACA}.Debug|Any CPU.ActiveCfg = Debug|Any CPU
		{99A67042-96BD-4096-A0A9-9D43CA4A4ACA}.Debug|Any CPU.Build.0 = Debug|Any CPU
		{99A67042-96BD-4096-A0A9-9D43CA4A4ACA}.Debug|x64.ActiveCfg = Debug|Any CPU
		{99A67042-96BD-4096-A0A9-9D43CA4A4ACA}.Debug|x64.Build.0 = Debug|Any CPU
		{99A67042-96BD-4096-A0A9-9D43CA4A4ACA}.Debug|x86.ActiveCfg = Debug|Any CPU
		{99A67042-96BD-4096-A0A9-9D43CA4A4ACA}.Debug|x86.Build.0 = Debug|Any CPU
		{99A67042-96BD-4096-A0A9-9D43CA4A4ACA}.Release|Any CPU.ActiveCfg = Release|Any CPU
		{99A67042-96BD-4096-A0A9-9D43CA4A4ACA}.Release|Any CPU.Build.0 = Release|Any CPU
		{99A67042-96BD-4096-A0A9-9D43CA4A4ACA}.Release|x64.ActiveCfg = Release|Any CPU
		{99A67042-96BD-4096-A0A9-9D43CA4A4ACA}.Release|x64.Build.0 = Release|Any CPU
		{99A67042-96BD-4096-A0A9-9D43CA4A4ACA}.Release|x86.ActiveCfg = Release|Any CPU
		{99A67042-96BD-4096-A0A9-9D43CA4A4ACA}.Release|x86.Build.0 = Release|Any CPU
		{EF17AC9E-8F30-4133-A57B-23F34CCDD11F}.Debug|Any CPU.ActiveCfg = Debug|Any CPU
		{EF17AC9E-8F30-4133-A57B-23F34CCDD11F}.Debug|Any CPU.Build.0 = Debug|Any CPU
		{EF17AC9E-8F30-4133-A57B-23F34CCDD11F}.Debug|x64.ActiveCfg = Debug|Any CPU
		{EF17AC9E-8F30-4133-A57B-23F34CCDD11F}.Debug|x64.Build.0 = Debug|Any CPU
		{EF17AC9E-8F30-4133-A57B-23F34CCDD11F}.Debug|x86.ActiveCfg = Debug|Any CPU
		{EF17AC9E-8F30-4133-A57B-23F34CCDD11F}.Debug|x86.Build.0 = Debug|Any CPU
		{EF17AC9E-8F30-4133-A57B-23F34CCDD11F}.Release|Any CPU.ActiveCfg = Release|Any CPU
		{EF17AC9E-8F30-4133-A57B-23F34CCDD11F}.Release|Any CPU.Build.0 = Release|Any CPU
		{EF17AC9E-8F30-4133-A57B-23F34CCDD11F}.Release|x64.ActiveCfg = Release|Any CPU
		{EF17AC9E-8F30-4133-A57B-23F34CCDD11F}.Release|x64.Build.0 = Release|Any CPU
		{EF17AC9E-8F30-4133-A57B-23F34CCDD11F}.Release|x86.ActiveCfg = Release|Any CPU
		{EF17AC9E-8F30-4133-A57B-23F34CCDD11F}.Release|x86.Build.0 = Release|Any CPU
	EndGlobalSection
	GlobalSection(SolutionProperties) = preSolution
		HideSolutionNode = FALSE
	EndGlobalSection
	GlobalSection(NestedProjects) = preSolution
		{75EFFE1B-828A-445D-A302-5348E7209E87} = {02EA681E-C7D8-13C7-8484-4AC65E1B71E8}
		{D0B2F3BC-C0F4-8AA7-31DC-288660F0CB80} = {FF7A3C67-F591-440B-B6A5-4A9A9897F3B2}
		{5467314B-5596-49BE-9FDA-4547BA8E3048} = {241BFF49-BD9F-4E8B-855A-55286E3474C1}
		{50DA5E44-FE24-47A9-847F-ACCDB90D7E09} = {02EA681E-C7D8-13C7-8484-4AC65E1B71E8}
		{61ABC9AD-D043-4988-AC9E-68513FB959E0} = {02EA681E-C7D8-13C7-8484-4AC65E1B71E8}
		{0F0F79ED-581C-4B57-BCEC-5FAF6B22BDDA} = {241BFF49-BD9F-4E8B-855A-55286E3474C1}
		{28B24638-4E11-45BE-834E-903C488D57C1} = {02EA681E-C7D8-13C7-8484-4AC65E1B71E8}
		{23DEA0C0-9DBB-4347-82F0-9D6E01CE4F8E} = {241BFF49-BD9F-4E8B-855A-55286E3474C1}
		{83CF677C-8886-4B47-988D-6BC726CE7330} = {66320409-64EC-F7C5-3DEF-65E7510DAAD1}
		{62499155-20C4-4B15-975B-070B5FDB439A} = {FF7A3C67-F591-440B-B6A5-4A9A9897F3B2}
		{E1E1F019-959B-49C6-A956-A6D54C0A81B9} = {02EA681E-C7D8-13C7-8484-4AC65E1B71E8}
		{465FCA27-0354-424C-837B-AD33B2EE8A8F} = {241BFF49-BD9F-4E8B-855A-55286E3474C1}
		{72920832-68D5-4E64-9AC0-E979B5D2FC99} = {02EA681E-C7D8-13C7-8484-4AC65E1B71E8}
		{FDE1C47D-D8A7-48D2-9A2F-12CCBD77F6A3} = {241BFF49-BD9F-4E8B-855A-55286E3474C1}
		{4F78DDF1-11C9-46BF-A3C5-AF53754D9410} = {02EA681E-C7D8-13C7-8484-4AC65E1B71E8}
		{51EB97E5-138B-4F05-9B0F-F7BCF3CA6335} = {241BFF49-BD9F-4E8B-855A-55286E3474C1}
		{8BEADAA4-D195-46DE-AA9B-B95DDF90EC44} = {02EA681E-C7D8-13C7-8484-4AC65E1B71E8}
		{8711F95C-8110-47D7-80D2-49E6D0C24A84} = {241BFF49-BD9F-4E8B-855A-55286E3474C1}
		{D91F1579-A22A-4D79-A50C-38BD90DB744B} = {02EA681E-C7D8-13C7-8484-4AC65E1B71E8}
		{146645F3-6226-444A-A62C-EED98E3F2973} = {241BFF49-BD9F-4E8B-855A-55286E3474C1}
		{062BCC97-5E74-4F4C-A89D-390CD81C5815} = {02EA681E-C7D8-13C7-8484-4AC65E1B71E8}
		{326A6759-A81A-43B7-9D5C-4C64387C0878} = {02EA681E-C7D8-13C7-8484-4AC65E1B71E8}
		{ECD19895-F06A-45F1-9CC2-0FFF1FC0D962} = {241BFF49-BD9F-4E8B-855A-55286E3474C1}
		{98E12932-14AF-4F70-9DC0-2692E3C452AC} = {02EA681E-C7D8-13C7-8484-4AC65E1B71E8}
		{E1E8FB58-1814-44BB-836E-06BC5CF7CF8C} = {241BFF49-BD9F-4E8B-855A-55286E3474C1}
		{9237E775-2FBF-4657-954A-D07472577A27} = {02EA681E-C7D8-13C7-8484-4AC65E1B71E8}
		{9C741747-CAFF-448B-909D-6CFC81B6E586} = {241BFF49-BD9F-4E8B-855A-55286E3474C1}
		{D7BBA09B-F7FF-4B69-A5C3-0D4CA86D9047} = {02EA681E-C7D8-13C7-8484-4AC65E1B71E8}
		{A081A4EF-4F62-4712-9AA2-C33EC299A599} = {241BFF49-BD9F-4E8B-855A-55286E3474C1}
		{99A67042-96BD-4096-A0A9-9D43CA4A4ACA} = {02EA681E-C7D8-13C7-8484-4AC65E1B71E8}
		{EF17AC9E-8F30-4133-A57B-23F34CCDD11F} = {241BFF49-BD9F-4E8B-855A-55286E3474C1}
	EndGlobalSection
	GlobalSection(ExtensibilityGlobals) = postSolution
		SolutionGuid = {A8B20815-FE51-42E4-8A6E-E12A17B80DFD}
	EndGlobalSection
EndGlobal
