
Microsoft Visual Studio Solution File, Format Version 12.00
# Visual Studio Version 17
VisualStudioVersion = 17.14.36518.9
MinimumVisualStudioVersion = 10.0.40219.1
Project("{FAE04EC0-301F-11D3-BF4B-00C04F79EFBC}") = "Mediarq", "src\Mediarq\Mediarq.csproj", "{75EFFE1B-828A-445D-A302-5348E7209E87}"
EndProject
Project("{2150E333-8FDC-42A3-9474-1A3956D46DE8}") = "src", "src", "{02EA681E-C7D8-13C7-8484-4AC65E1B71E8}"
EndProject
Project("{2150E333-8FDC-42A3-9474-1A3956D46DE8}") = "Samples", "Samples", "{FF7A3C67-F591-440B-B6A5-4A9A9897F3B2}"
EndProject
Project("{2150E333-8FDC-42A3-9474-1A3956D46DE8}") = "Tests", "Tests", "{241BFF49-BD9F-4E8B-855A-55286E3474C1}"
EndProject
Project("{FAE04EC0-301F-11D3-BF4B-00C04F79EFBC}") = "Mediarq.Samples", "Samples\Mediarq\Mediarq.Samples.csproj", "{D0B2F3BC-C0F4-8AA7-31DC-288660F0CB80}"
EndProject
Project("{FAE04EC0-301F-11D3-BF4B-00C04F79EFBC}") = "Mediarq.Tests", "Tests\Mediarq.Tests\Mediarq.Tests.csproj", "{5467314B-5596-49BE-9FDA-4547BA8E3048}"
EndProject
Project("{FAE04EC0-301F-11D3-BF4B-00C04F79EFBC}") = "Mediarq.SourceGenerators", "src\Mediarq.SourceGenerators\Mediarq.SourceGenerators.csproj", "{50DA5E44-FE24-47A9-847F-ACCDB90D7E09}"
EndProject
Project("{FAE04EC0-301F-11D3-BF4B-00C04F79EFBC}") = "Mediarq.AspNetCore", "src\Mediarq.AspNetCore\Mediarq.AspNetCore.csproj", "{61ABC9AD-D043-4988-AC9E-68513FB959E0}"
EndProject
Project("{FAE04EC0-301F-11D3-BF4B-00C04F79EFBC}") = "Mediarq.AspNetCore.Tests", "Tests\Mediarq.AspNetCore.Tests\Mediarq.AspNetCore.Tests.csproj", "{0F0F79ED-581C-4B57-BCEC-5FAF6B22BDDA}"
EndProject
Project("{FAE04EC0-301F-11D3-BF4B-00C04F79EFBC}") = "Mediarq.FluentValidation", "src\Mediarq.FluentValidation\Mediarq.FluentValidation.csproj", "{28B24638-4E11-45BE-834E-903C488D57C1}"
EndProject
Project("{FAE04EC0-301F-11D3-BF4B-00C04F79EFBC}") = "Mediarq.SourceGenerators.Tests", "Tests\Mediarq.SourceGenerators.Tests\Mediarq.SourceGenerators.Tests.csproj", "{23DEA0C0-9DBB-4347-82F0-9D6E01CE4F8E}"
EndProject
Project("{2150E333-8FDC-42A3-9474-1A3956D46DE8}") = "benchmarks", "benchmarks", "{66320409-64EC-F7C5-3DEF-65E7510DAAD1}"
EndProject
Project("{FAE04EC0-301F-11D3-BF4B-00C04F79EFBC}") = "Mediarq.Benchmarks", "benchmarks\Mediarq.Benchmarks\Mediarq.Benchmarks.csproj", "{83CF677C-8886-4B47-988D-6BC726CE7330}"
EndProject
Project("{FAE04EC0-301F-11D3-BF4B-00C04F79EFBC}") = "Mediarq.AotSample", "Samples\Mediarq.AotSample\Mediarq.AotSample.csproj", "{62499155-20C4-4B15-975B-070B5FDB439A}"
EndProject
Project("{FAE04EC0-301F-11D3-BF4B-00C04F79EFBC}") = "Mediarq.MassTransit", "src\Mediarq.MassTransit\Mediarq.MassTransit.csproj", "{E1E1F019-959B-49C6-A956-A6D54C0A81B9}"
EndProject
Project("{FAE04EC0-301F-11D3-BF4B-00C04F79EFBC}") = "Mediarq.MassTransit.Tests", "Tests\Mediarq.MassTransit.Tests\Mediarq.MassTransit.Tests.csproj", "{465FCA27-0354-424C-837B-AD33B2EE8A8F}"
EndProject
Project("{FAE04EC0-301F-11D3-BF4B-00C04F79EFBC}") = "Mediarq.Caching", "src\Mediarq.Caching\Mediarq.Caching.csproj", "{72920832-68D5-4E64-9AC0-E979B5D2FC99}"
EndProject
Project("{FAE04EC0-301F-11D3-BF4B-00C04F79EFBC}") = "Mediarq.Caching.Tests", "Tests\Mediarq.Caching.Tests\Mediarq.Caching.Tests.csproj", "{FDE1C47D-D8A7-48D2-9A2F-12CCBD77F6A3}"
EndProject
Global
	GlobalSection(SolutionConfigurationPlatforms) = preSolution
		Debug|Any CPU = Debug|Any CPU
		Debug|x64 = Debug|x64
		Debug|x86 = Debug|x86
		Release|Any CPU = Release|Any CPU
		Release|x64 = Release|x64
		Release|x86 = Release|x86
	EndGlobalSection
	GlobalSection(ProjectConfigurationPlatforms) = postSolution
		{75EFFE1B-828A-445D-A302-5348E7209E87}.Debug|Any CPU.ActiveCfg = Debug|Any CPU
		{75EFFE1B-828A-445D-A302-5348E7209E87}.Debug|Any CPU.Build.0 = Debug|Any CPU
		{75EFFE1B-828A-445D-A302-5348E7209E87}.Debug|x64.ActiveCfg = Debug|Any CPU
		{75EFFE1B-828A-445D-A302-5348E7209E87}.Debug|x64.Build.0 = Debug|Any CPU
		{75EFFE1B-828A-445D-A302-5348E7209E87}.Debug|x86.ActiveCfg = Debug|Any CPU
		{75EFFE1B-828A-445D-A302-5348E7209E87}.Debug|x86.Build.0 = Debug|Any CPU
		{75EFFE1B-828A-445D-A302-5348E7209E87}.Release|Any CPU.ActiveCfg = Release|Any CPU
		{75EFFE1B-828A-445D-A302-5348E7209E87}.Release|Any CPU.Build.0 = Release|Any CPU
		{75EFFE1B-828A-445D-A302-5348E7209E87}.Release|x64.ActiveCfg = Release|Any CPU
		{75EFFE1B-828A-445D-A302-5348E7209E87}.Release|x64.Build.0 = Release|Any CPU
		{75EFFE1B-828A-445D-A302-5348E7209E87}.Release|x86.ActiveCfg = Release|Any CPU
		{75EFFE1B-828A-445D-A302-5348E7209E87}.Release|x86.Build.0 = Release|Any CPU
		{D0B2F3BC-C0F4-8AA7-31DC-288660F0CB80}.Debug|Any CPU.ActiveCfg = Debug|Any CPU
		{D0B2F3BC-C0F4-8AA7-31DC-288660F0CB80}.Debug|Any CPU.Build.0 = Debug|Any CPU
		{D0B2F3BC-C0F4-8AA7-31DC-288660F0CB80}.Debug|x64.ActiveCfg = Debug|Any CPU
		{D0B2F3BC-C0F4-8AA7-31DC-288660F0CB80}.Debug|x64.Build.0 = Debug|Any CPU
		{D0B2F3BC-C0F4-8AA7-31DC-288660F0CB80}.Debug|x86.ActiveCfg = Debug|Any CPU
		{D0B2F3BC-C0F4-8AA7-31DC-288660F0CB80}.Debug|x86.Build.0 = Debug|Any CPU
		{D0B2F3BC-C0F4-8AA7-31DC-288660F0CB80}.Release|Any CPU.ActiveCfg = Release|Any CPU
		{D0B2F3BC-C0F4-8AA7-31DC-288660F0CB80}.Release|Any CPU.Build.0 = Release|Any CPU
		{D0B2F3BC-C0F4-8AA7-31DC-288660F0CB80}.Release|x64.ActiveCfg = Release|Any CPU
		{D0B2F3BC-C0F4-8AA7-31DC-288660F0CB80}.Release|x64.Build.0 = Release|Any CPU
		{D0B2F3BC-C0F4-8AA7-31DC-288660F0CB80}.Release|x86.ActiveCfg = Release|Any CPU
		{D0B2F3BC-C0F4-8AA7-31DC-288660F0CB80}.Release|x86.Build.0 = Release|Any CPU
		{5467314B-5596-49BE-9FDA-4547BA8E3048}.Debug|Any CPU.ActiveCfg = Debug|Any CPU
		{5467314B-5596-49BE-9FDA-4547BA8E3048}.Debug|Any CPU.Build.0 = Debug|Any CPU
		{5467314B-5596-49BE-9FDA-4547BA8E3048}.Debug|x64.ActiveCfg = Debug|Any CPU
		{5467314B-5596-49BE-9FDA-4547BA8E3048}.Debug|x64.Build.0 = Debug|Any CPU
		{5467314B-5596-49BE-9FDA-4547BA8E3048}.Debug|x86.ActiveCfg = Debug|Any CPU
		{5467314B-5596-49BE-9FDA-4547BA8E3048}.Debug|x86.Build.0 = Debug|Any CPU
		{5467314B-5596-49BE-9FDA-4547BA8E3048}.Release|Any CPU.ActiveCfg = Release|Any CPU
		{5467314B-5596-49BE-9FDA-4547BA8E3048}.Release|Any CPU.Build.0 = Release|Any CPU
		{5467314B-5596-49BE-9FDA-4547BA8E3048}.Release|x64.ActiveCfg = Release|Any CPU
		{5467314B-5596-49BE-9FDA-4547BA8E3048}.Release|x64.Build.0 = Release|Any CPU
		{5467314B-5596-49BE-9FDA-4547BA8E3048}.Release|x86.ActiveCfg = Release|Any CPU
		{5467314B-5596-49BE-9FDA-4547BA8E3048}.Release|x86.Build.0 = Release|Any CPU
		{50DA5E44-FE24-47A9-847F-ACCDB90D7E09}.Debug|Any CPU.ActiveCfg = Debug|Any CPU
		{50DA5E44-FE24-47A9-847F-ACCDB90D7E09}.Debug|Any CPU.Build.0 = Debug|Any CPU
		{50DA5E44-FE24-47A9-847F-ACCDB90D7E09}.Debug|x64.ActiveCfg = Debug|Any CPU
		{50DA5E44-FE24-47A9-847F-ACCDB90D7E09}.Debug|x64.Build.0 = Debug|Any CPU
		{50DA5E44-FE24-47A9-847F-ACCDB90D7E09}.Debug|x86.ActiveCfg = Debug|Any CPU
		{50DA5E44-FE24-47A9-847F-ACCDB90D7E09}.Debug|x86.Build.0 = Debug|Any CPU
		{50DA5E44-FE24-47A9-847F-ACCDB90D7E09}.Release|Any CPU.ActiveCfg = Release|Any CPU
		{50DA5E44-FE24-47A9-847F-ACCDB90D7E09}.Release|Any CPU.Build.0 = Release|Any CPU
		{50DA5E44-FE24-47A9-847F-ACCDB90D7E09}.Release|x64.ActiveCfg = Release|Any CPU
		{50DA5E44-FE24-47A9-847F-ACCDB90D7E09}.Release|x64.Build.0 = Release|Any CPU
		{50DA5E44-FE24-47A9-847F-ACCDB90D7E09}.Release|x86.ActiveCfg = Release|Any CPU
		{50DA5E44-FE24-47A9-847F-ACCDB90D7E09}.Release|x86.Build.0 = Release|Any CPU
		{61ABC9AD-D043-4988-AC9E-68513FB959E0}.Debug|Any CPU.ActiveCfg = Debug|Any CPU
		{61ABC9AD-D043-4988-AC9E-68513FB959E0}.Debug|Any CPU.Build.0 = Debug|Any CPU
		{61ABC9AD-D043-4988-AC9E-68513FB959E0}.Debug|x64.ActiveCfg = Debug|Any CPU
		{61ABC9AD-D043-4988-AC9E-68513FB959E0}.Debug|x64.Build.0 = Debug|Any CPU
		{61ABC9AD-D043-4988-AC9E-68513FB959E0}.Debug|x86.ActiveCfg = Debug|Any CPU
		{61ABC9AD-D043-4988-AC9E-68513FB959E0}.Debug|x86.Build.0 = Debug|Any CPU
		{61ABC9AD-D043-4988-AC9E-68513FB959E0}.Release|Any CPU.ActiveCfg = Release|Any CPU
		{61ABC9AD-D043-4988-AC9E-68513FB959E0}.Release|Any CPU.Build.0 = Release|Any CPU
		{61ABC9AD-D043-4988-AC9E-68513FB959E0}.Release|x64.ActiveCfg = Release|Any CPU
		{61ABC9AD-D043-4988-AC9E-68513FB959E0}.Release|x64.Build.0 = Release|Any CPU
		{61ABC9AD-D043-4988-AC9E-68513FB959E0}.Release|x86.ActiveCfg = Release|Any CPU
		{61ABC9AD-D043-4988-AC9E-68513FB959E0}.Release|x86.Build.0 = Release|Any CPU
		{0F0F79ED-581C-4B57-BCEC-5FAF6B22BDDA}.Debug|Any CPU.ActiveCfg = Debug|Any CPU
		{0F0F79ED-581C-4B57-BCEC-5FAF6B22BDDA}.Debug|Any CPU.Build.0 = Debug|Any CPU
		{0F0F79ED-581C-4B57-BCEC-5FAF6B22BDDA}.Debug|x64.ActiveCfg = Debug|Any CPU
		{0F0F79ED-581C-4B57-BCEC-5FAF6B22BDDA}.Debug|x64.Build.0 = Debug|Any CPU
		{0F0F79ED-581C-4B57-BCEC-5FAF6B22BDDA}.Debug|x86.ActiveCfg = Debug|Any CPU
		{0F0F79ED-581C-4B57-BCEC-5FAF6B22BDDA}.Debug|x86.Build.0 = Debug|Any CPU
		{0F0F79ED-581C-4B57-BCEC-5FAF6B22BDDA}.Release|Any CPU.ActiveCfg = Release|Any CPU
		{0F0F79ED-581C-4B57-BCEC-5FAF6B22BDDA}.Release|Any CPU.Build.0 = Release|Any CPU
		{0F0F79ED-581C-4B57-BCEC-5FAF6B22BDDA}.Release|x64.ActiveCfg = Release|Any CPU
		{0F0F79ED-581C-4B57-BCEC-5FAF6B22BDDA}.Release|x64.Build.0 = Release|Any CPU
		{0F0F79ED-581C-4B57-BCEC-5FAF6B22BDDA}.Release|x86.ActiveCfg = Release|Any CPU
		{0F0F79ED-581C-4B57-BCEC-5FAF6B22BDDA}.Release|x86.Build.0 = Release|Any CPU
		{28B24638-4E11-45BE-834E-903C488D57C1}.Debug|Any CPU.ActiveCfg = Debug|Any CPU
		{28B24638-4E11-45BE-834E-903C488D57C1}.Debug|Any CPU.Build.0 = Debug|Any CPU
		{28B24638-4E11-45BE-834E-903C488D57C1}.Debug|x64.ActiveCfg = Debug|Any CPU
		{28B24638-4E11-45BE-834E-903C488D57C1}.Debug|x64.Build.0 = Debug|Any CPU
		{28B24638-4E11-45BE-834E-903C488D57C1}.Debug|x86.ActiveCfg = Debug|Any CPU
		{28B24638-4E11-45BE-834E-903C488D57C1}.Debug|x86.Build.0 = Debug|Any CPU
		{28B24638-4E11-45BE-834E-903C488D57C1}.Release|Any CPU.ActiveCfg = Release|Any CPU
		{28B24638-4E11-45BE-834E-903C488D57C1}.Release|Any CPU.Build.0 = Release|Any CPU
		{28B24638-4E11-45BE-834E-903C488D57C1}.Release|x64.ActiveCfg = Release|Any CPU
		{28B24638-4E11-45BE-834E-903C488D57C1}.Release|x64.Build.0 = Release|Any CPU
		{28B24638-4E11-45BE-834E-903C488D57C1}.Release|x86.ActiveCfg = Release|Any CPU
		{28B24638-4E11-45BE-834E-903C488D57C1}.Release|x86.Build.0 = Release|Any CPU
		{23DEA0C0-9DBB-4347-82F0-9D6E01CE4F8E}.Debug|Any CPU.ActiveCfg = Debug|Any CPU
		{23DEA0C0-9DBB-4347-82F0-9D6E01CE4F8E}.Debug|Any CPU.Build.0 = Debug|Any CPU
		{23DEA0C0-9DBB-4347-82F0-9D6E01CE4F8E}.Debug|x64.ActiveCfg = Debug|Any CPU
		{23DEA0C0-9DBB-4347-82F0-9D6E01CE4F8E}.Debug|x64.Build.0 = Debug|Any CPU
		{23DEA0C0-9DBB-4347-82F0-9D6E01CE4F8E}.Debug|x86.ActiveCfg = Debug|Any CPU
		{23DEA0C0-9DBB-4347-82F0-9D6E01CE4F8E}.Debug|x86.Build.0 = Debug|Any CPU
		{23DEA0C0-9DBB-4347-82F0-9D6E01CE4F8E}.Release|Any CPU.ActiveCfg = Release|Any CPU
		{23DEA0C0-9DBB-4347-82F0-9D6E01CE4F8E}.Release|Any CPU.Build.0 = Release|Any CPU
		{23DEA0C0-9DBB-4347-82F0-9D6E01CE4F8E}.Release|x64.ActiveCfg = Release|Any CPU
		{23DEA0C0-9DBB-4347-82F0-9D6E01CE4F8E}.Release|x64.Build.0 = Release|Any CPU
		{23DEA0C0-9DBB-4347-82F0-9D6E01CE4F8E}.Release|x86.ActiveCfg = Release|Any CPU
		{23DEA0C0-9DBB-4347-82F0-9D6E01CE4F8E}.Release|x86.Build.0 = Release|Any CPU
		{83CF677C-8886-4B47-988D-6BC726CE7330}.Debug|Any CPU.ActiveCfg = Debug|Any CPU
		{83CF677C-8886-4B47-988D-6BC726CE7330}.Debug|Any CPU.Build.0 = Debug|Any CPU
		{83CF677C-8886-4B47-988D-6BC726CE7330}.Debug|x64.ActiveCfg = Debug|Any CPU
		{83CF677C-8886-4B47-988D-6BC726CE7330}.Debug|x64.Build.0 = Debug|Any CPU
		{83CF677C-8886-4B47-988D-6BC726CE7330}.Debug|x86.ActiveCfg = Debug|Any CPU
		{83CF677C-8886-4B47-988D-6BC726CE7330}.Debug|x86.Build.0 = Debug|Any CPU
		{83CF677C-8886-4B47-988D-6BC726CE7330}.Release|Any CPU.ActiveCfg = Release|Any CPU
		{83CF677C-8886-4B47-988D-6BC726CE7330}.Release|Any CPU.Build.0 = Release|Any CPU
		{83CF677C-8886-4B47-988D-6BC726CE7330}.Release|x64.ActiveCfg = Release|Any CPU
		{83CF677C-8886-4B47-988D-6BC726CE7330}.Release|x64.Build.0 = Release|Any CPU
		{83CF677C-8886-4B47-988D-6BC726CE7330}.Release|x86.ActiveCfg = Release|Any CPU
		{83CF677C-8886-4B47-988D-6BC726CE7330}.Release|x86.Build.0 = Release|Any CPU
		{62499155-20C4-4B15-975B-070B5FDB439A}.Debug|Any CPU.ActiveCfg = Debug|Any CPU
		{62499155-20C4-4B15-975B-070B5FDB439A}.Debug|Any CPU.Build.0 = Debug|Any CPU
		{62499155-20C4-4B15-975B-070B5FDB439A}.Debug|x64.ActiveCfg = Debug|Any CPU
		{62499155-20C4-4B15-975B-070B5FDB439A}.Debug|x64.Build.0 = Debug|Any CPU
		{62499155-20C4-4B15-975B-070B5FDB439A}.Debug|x86.ActiveCfg = Debug|Any CPU
		{62499155-20C4-4B15-975B-070B5FDB439A}.Debug|x86.Build.0 = Debug|Any CPU
		{62499155-20C4-4B15-975B-070B5FDB439A}.Release|Any CPU.ActiveCfg = Release|Any CPU
		{62499155-20C4-4B15-975B-070B5FDB439A}.Release|Any CPU.Build.0 = Release|Any CPU
		{62499155-20C4-4B15-975B-070B5FDB439A}.Release|x64.ActiveCfg = Release|Any CPU
		{62499155-20C4-4B15-975B-070B5FDB439A}.Release|x64.Build.0 = Release|Any CPU
		{62499155-20C4-4B15-975B-070B5FDB439A}.Release|x86.ActiveCfg = Release|Any CPU
		{62499155-20C4-4B15-975B-070B5FDB439A}.Release|x86.Build.0 = Release|Any CPU
		{E1E1F019-959B-49C6-A956-A6D54C0A81B9}.Debug|Any CPU.ActiveCfg = Debug|Any CPU
		{E1E1F019-959B-49C6-A956-A6D54C0A81B9}.Debug|Any CPU.Build.0 = Debug|Any CPU
		{E1E1F019-959B-49C6-A956-A6D54C0A81B9}.Debug|x64.ActiveCfg = Debug|Any CPU
		{E1E1F019-959B-49C6-A956-A6D54C0A81B9}.Debug|x64.Build.0 = Debug|Any CPU
		{E1E1F019-959B-49C6-A956-A6D54C0A81B9}.Debug|x86.ActiveCfg = Debug|Any CPU
		{E1E1F019-959B-49C6-A956-A6D54C0A81B9}.Debug|x86.Build.0 = Debug|Any CPU
		{E1E1F019-959B-49C6-A956-A6D54C0A81B9}.Release|Any CPU.ActiveCfg = Release|Any CPU
		{E1E1F019-959B-49C6-A956-A6D54C0A81B9}.Release|Any CPU.Build.0 = Release|Any CPU
		{E1E1F019-959B-49C6-A956-A6D54C0A81B9}.Release|x64.ActiveCfg = Release|Any CPU
		{E1E1F019-959B-49C6-A956-A6D54C0A81B9}.Release|x64.Build.0 = Release|Any CPU
		{E1E1F019-959B-49C6-A956-A6D54C0A81B9}.Release|x86.ActiveCfg = Release|Any CPU
		{E1E1F019-959B-49C6-A956-A6D54C0A81B9}.Release|x86.Build.0 = Release|Any CPU
		{465FCA27-0354-424C-837B-AD33B2EE8A8F}.Debug|Any CPU.ActiveCfg = Debug|Any CPU
		{465FCA27-0354-424C-837B-AD33B2EE8A8F}.Debug|Any CPU.Build.0 = Debug|Any CPU
		{465FCA27-0354-424C-837B-AD33B2EE8A8F}.Debug|x64.ActiveCfg = Debug|Any CPU
		{465FCA27-0354-424C-837B-AD33B2EE8A8F}.Debug|x64.Build.0 = Debug|Any CPU
		{465FCA27-0354-424C-837B-AD33B2EE8A8F}.Debug|x86.ActiveCfg = Debug|Any CPU
		{465FCA27-0354-424C-837B-AD33B2EE8A8F}.Debug|x86.Build.0 = Debug|Any CPU
		{465FCA27-0354-424C-837B-AD33B2EE8A8F}.Release|Any CPU.ActiveCfg = Release|Any CPU
		{465FCA27-0354-424C-837B-AD33B2EE8A8F}.Release|Any CPU.Build.0 = Release|Any CPU
		{465FCA27-0354-424C-837B-AD33B2EE8A8F}.Release|x64.ActiveCfg = Release|Any CPU
		{465FCA27-0354-424C-837B-AD33B2EE8A8F}.Release|x64.Build.0 = Release|Any CPU
		{465FCA27-0354-424C-837B-AD33B2EE8A8F}.Release|x86.ActiveCfg = Release|Any CPU
		{465FCA27-0354-424C-837B-AD33B2EE8A8F}.Release|x86.Build.0 = Release|Any CPU
		{72920832-68D5-4E64-9AC0-E979B5D2FC99}.Debug|Any CPU.ActiveCfg = Debug|Any CPU
		{72920832-68D5-4E64-9AC0-E979B5D2FC99}.Debug|Any CPU.Build.0 = Debug|Any CPU
		{72920832-68D5-4E64-9AC0-E979B5D2FC99}.Debug|x64.ActiveCfg = Debug|Any CPU
		{72920832-68D5-4E64-9AC0-E979B5D2FC99}.Debug|x64.Build.0 = Debug|Any CPU
		{72920832-68D5-4E64-9AC0-E979B5D2FC99}.Debug|x86.ActiveCfg = Debug|Any CPU
		{72920832-68D5-4E64-9AC0-E979B5D2FC99}.Debug|x86.Build.0 = Debug|Any CPU
		{72920832-68D5-4E64-9AC0-E979B5D2FC99}.Release|Any CPU.ActiveCfg = Release|Any CPU
		{72920832-68D5-4E64-9AC0-E979B5D2FC99}.Release|Any CPU.Build.0 = Release|Any CPU
		{72920832-68D5-4E64-9AC0-E979B5D2FC99}.Release|x64.ActiveCfg = Release|Any CPU
		{72920832-68D5-4E64-9AC0-E979B5D2FC99}.Release|x64.Build.0 = Release|Any CPU
		{72920832-68D5-4E64-9AC0-E979B5D2FC99}.Release|x86.ActiveCfg = Release|Any CPU
		{72920832-68D5-4E64-9AC0-E979B5D2FC99}.Release|x86.Build.0 = Release|Any CPU
		{FDE1C47D-D8A7-48D2-9A2F-12CCBD77F6A3}.Debug|Any CPU.ActiveCfg = Debug|Any CPU
		{FDE1C47D-D8A7-48D2-9A2F-12CCBD77F6A3}.Debug|Any CPU.Build.0 = Debug|Any CPU
		{FDE1C47D-D8A7-48D2-9A2F-12CCBD77F6A3}.Debug|x64.ActiveCfg = Debug|Any CPU
		{FDE1C47D-D8A7-48D2-9A2F-12CCBD77F6A3}.Debug|x64.Build.0 = Debug|Any CPU
		{FDE1C47D-D8A7-48D2-9A2F-12CCBD77F6A3}.Debug|x86.ActiveCfg = Debug|Any CPU
		{FDE1C47D-D8A7-48D2-9A2F-12CCBD77F6A3}.Debug|x86.Build.0 = Debug|Any CPU
		{FDE1C47D-D8A7-48D2-9A2F-12CCBD77F6A3}.Release|Any CPU.ActiveCfg = Release|Any CPU
		{FDE1C47D-D8A7-48D2-9A2F-12CCBD77F6A3}.Release|Any CPU.Build.0 = Release|Any CPU
		{FDE1C47D-D8A7-48D2-9A2F-12CCBD77F6A3}.Release|x64.ActiveCfg = Release|Any CPU
		{FDE1C47D-D8A7-48D2-9A2F-12CCBD77F6A3}.Release|x64.Build.0 = Release|Any CPU
		{FDE1C47D-D8A7-48D2-9A2F-12CCBD77F6A3}.Release|x86.ActiveCfg = Release|Any CPU
		{FDE1C47D-D8A7-48D2-9A2F-12CCBD77F6A3}.Release|x86.Build.0 = Release|Any CPU
	EndGlobalSection
	GlobalSection(SolutionProperties) = preSolution
		HideSolutionNode = FALSE
	EndGlobalSection
	GlobalSection(NestedProjects) = preSolution
		{75EFFE1B-828A-445D-A302-5348E7209E87} = {02EA681E-C7D8-13C7-8484-4AC65E1B71E8}
		{D0B2F3BC-C0F4-8AA7-31DC-288660F0CB80} = {FF7A3C67-F591-440B-B6A5-4A9A9897F3B2}
		{5467314B-5596-49BE-9FDA-4547BA8E3048} = {241BFF49-BD9F-4E8B-855A-55286E3474C1}
		{50DA5E44-FE24-47A9-847F-ACCDB90D7E09} = {02EA681E-C7D8-13C7-8484-4AC65E1B71E8}
		{61ABC9AD-D043-4988-AC9E-68513FB959E0} = {02EA681E-C7D8-13C7-8484-4AC65E1B71E8}
		{0F0F79ED-581C-4B57-BCEC-5FAF6B22BDDA} = {241BFF49-BD9F-4E8B-855A-55286E3474C1}
		{28B24638-4E11-45BE-834E-903C488D57C1} = {02EA681E-C7D8-13C7-8484-4AC65E1B71E8}
		{23DEA0C0-9DBB-4347-82F0-9D6E01CE4F8E} = {241BFF49-BD9F-4E8B-855A-55286E3474C1}
		{83CF677C-8886-4B47-988D-6BC726CE7330} = {66320409-64EC-F7C5-3DEF-65E7510DAAD1}
		{62499155-20C4-4B15-975B-070B5FDB439A} = {FF7A3C67-F591-440B-B6A5-4A9A9897F3B2}
		{E1E1F019-959B-49C6-A956-A6D54C0A81B9} = {02EA681E-C7D8-13C7-8484-4AC65E1B71E8}
		{465FCA27-0354-424C-837B-AD33B2EE8A8F} = {241BFF49-BD9F-4E8B-855A-55286E3474C1}
		{72920832-68D5-4E64-9AC0-E979B5D2FC99} = {02EA681E-C7D8-13C7-8484-4AC65E1B71E8}
		{FDE1C47D-D8A7-48D2-9A2F-12CCBD77F6A3} = {241BFF49-BD9F-4E8B-855A-55286E3474C1}
	EndGlobalSection
	GlobalSection(ExtensibilityGlobals) = postSolution
		SolutionGuid = {A8B20815-FE51-42E4-8A6E-E12A17B80DFD}
	EndGlobalSection
EndGlobal
